
Microsoft Visual Studio Solution File, Format Version 12.00
# Visual Studio 15
VisualStudioVersion = 15.0.27703.2035
MinimumVisualStudioVersion = 10.0.40219.1
Project("{8BC9CEB8-8B4A-11D0-8D11-00A0C91BC942}") = "test_native_library", "test_native_library.vcxproj", "{32E08C93-DB46-4A93-8FE7-5791E088B2A1}"
EndProject
Global
	GlobalSection(SolutionConfigurationPlatforms) = preSolution
		Debug|x64 = Debug|x64
		Debug|x86 = Debug|x86
		Release|x64 = Release|x64
		Release|x86 = Release|x86
	EndGlobalSection
	GlobalSection(ProjectConfigurationPlatforms) = postSolution
		{32E08C93-DB46-4A93-8FE7-5791E088B2A1}.Debug|x64.ActiveCfg = Debug|x64
		{32E08C93-DB46-4A93-8FE7-5791E088B2A1}.Debug|x64.Build.0 = Debug|x64
		{32E08C93-DB46-4A93-8FE7-5791E088B2A1}.Debug|x86.ActiveCfg = Debug|Win32
		{32E08C93-DB46-4A93-8FE7-5791E088B2A1}.Debug|x86.Build.0 = Debug|Win32
		{32E08C93-DB46-4A93-8FE7-5791E088B2A1}.Release|x64.ActiveCfg = Release|x64
		{32E08C93-DB46-4A93-8FE7-5791E088B2A1}.Release|x64.Build.0 = Release|x64
		{32E08C93-DB46-4A93-8FE7-5791E088B2A1}.Release|x86.ActiveCfg = Release|Win32
		{32E08C93-DB46-4A93-8FE7-5791E088B2A1}.Release|x86.Build.0 = Release|Win32
	EndGlobalSection
	GlobalSection(SolutionProperties) = preSolution
		HideSolutionNode = FALSE
	EndGlobalSection
	GlobalSection(ExtensibilityGlobals) = postSolution
		SolutionGuid = {EF4E7062-4E00-4DD9-88F7-4D32388486A0}
	EndGlobalSection
EndGlobal
